
Microsoft Visual Studio Solution File, Format Version 12.00
# Visual Studio Version 17
VisualStudioVersion = 17.11.35312.102
MinimumVisualStudioVersion = 10.0.40219.1
Project("{9A19103F-16F7-4668-BE54-9A1E7A4F7556}") = "NutriGuide", "NutriGuide.csproj", "{AF48C100-964C-4668-AB0D-E54FD321F032}"
EndProject
Project("{FAE04EC0-301F-11D3-BF4B-00C04F79EFBC}") = "NutriGuideModel_ConsoleApp1", "..\NutriGuideModel_ConsoleApp1\NutriGuideModel_ConsoleApp1.csproj", "{82689C51-B120-5EC9-6D4A-EC9FCC44D910}"
EndProject
Project("{FAE04EC0-301F-11D3-BF4B-00C04F79EFBC}") = "NutriGuideModel_WebApi1", "..\NutriGuideModel_WebApi1\NutriGuideModel_WebApi1.csproj", "{72C7F79F-9630-2408-A824-00925821F925}"
EndProject
Global
	GlobalSection(SolutionConfigurationPlatforms) = preSolution
		Debug|Any CPU = Debug|Any CPU
		Release|Any CPU = Release|Any CPU
	EndGlobalSection
	GlobalSection(ProjectConfigurationPlatforms) = postSolution
		{AF48C100-964C-4668-AB0D-E54FD321F032}.Debug|Any CPU.ActiveCfg = Debug|Any CPU
		{AF48C100-964C-4668-AB0D-E54FD321F032}.Debug|Any CPU.Build.0 = Debug|Any CPU
		{AF48C100-964C-4668-AB0D-E54FD321F032}.Release|Any CPU.ActiveCfg = Release|Any CPU
		{AF48C100-964C-4668-AB0D-E54FD321F032}.Release|Any CPU.Build.0 = Release|Any CPU
		{82689C51-B120-5EC9-6D4A-EC9FCC44D910}.Debug|Any CPU.ActiveCfg = Debug|Any CPU
		{82689C51-B120-5EC9-6D4A-EC9FCC44D910}.Debug|Any CPU.Build.0 = Debug|Any CPU
		{82689C51-B120-5EC9-6D4A-EC9FCC44D910}.Release|Any CPU.ActiveCfg = Release|Any CPU
		{82689C51-B120-5EC9-6D4A-EC9FCC44D910}.Release|Any CPU.Build.0 = Release|Any CPU
		{72C7F79F-9630-2408-A824-00925821F925}.Debug|Any CPU.ActiveCfg = Debug|Any CPU
		{72C7F79F-9630-2408-A824-00925821F925}.Debug|Any CPU.Build.0 = Debug|Any CPU
		{72C7F79F-9630-2408-A824-00925821F925}.Release|Any CPU.ActiveCfg = Release|Any CPU
		{72C7F79F-9630-2408-A824-00925821F925}.Release|Any CPU.Build.0 = Release|Any CPU
	EndGlobalSection
	GlobalSection(SolutionProperties) = preSolution
		HideSolutionNode = FALSE
	EndGlobalSection
	GlobalSection(ExtensibilityGlobals) = postSolution
		SolutionGuid = {5E71C798-AC16-4E2E-9718-73AFCFB398F3}
	EndGlobalSection
EndGlobal
